
Microsoft Visual Studio Solution File, Format Version 12.00
# Visual Studio Version 16
VisualStudioVersion = 16.0.30128.74
MinimumVisualStudioVersion = 10.0.40219.1
Project("{D954291E-2A0B-460D-934E-DC6B0785DB48}") = "NutzMich.Shared", "NutzMich.Shared\NutzMich.Shared.shproj", "{6279C845-92F8-4333-AB99-3D213163593C}"
EndProject
Project("{FAE04EC0-301F-11D3-BF4B-00C04F79EFBC}") = "NutzMich.iOS", "NutzMich.iOS\NutzMich.iOS.csproj", "{BE0A10F2-ABAB-45F6-8CF6-D554DF6F1599}"
EndProject
Global
	GlobalSection(SharedMSBuildProjectFiles) = preSolution
		NutzMich.Shared\NutzMich.Shared.projitems*{6279c845-92f8-4333-ab99-3d213163593c}*SharedItemsImports = 13
		NutzMich.Shared\NutzMich.Shared.projitems*{be0a10f2-abab-45f6-8cf6-d554df6f1599}*SharedItemsImports = 4
	EndGlobalSection
	GlobalSection(SolutionConfigurationPlatforms) = preSolution
		Ad-Hoc|Any CPU = Ad-Hoc|Any CPU
		Ad-Hoc|ARM = Ad-Hoc|ARM
		Ad-Hoc|ARM64 = Ad-Hoc|ARM64
		Ad-Hoc|iPhone = Ad-Hoc|iPhone
		Ad-Hoc|iPhoneSimulator = Ad-Hoc|iPhoneSimulator
		Ad-Hoc|x64 = Ad-Hoc|x64
		Ad-Hoc|x86 = Ad-Hoc|x86
		AppStore|Any CPU = AppStore|Any CPU
		AppStore|ARM = AppStore|ARM
		AppStore|ARM64 = AppStore|ARM64
		AppStore|iPhone = AppStore|iPhone
		AppStore|iPhoneSimulator = AppStore|iPhoneSimulator
		AppStore|x64 = AppStore|x64
		AppStore|x86 = AppStore|x86
		Debug|Any CPU = Debug|Any CPU
		Debug|ARM = Debug|ARM
		Debug|ARM64 = Debug|ARM64
		Debug|iPhone = Debug|iPhone
		Debug|iPhoneSimulator = Debug|iPhoneSimulator
		Debug|x64 = Debug|x64
		Debug|x86 = Debug|x86
		Release|Any CPU = Release|Any CPU
		Release|ARM = Release|ARM
		Release|ARM64 = Release|ARM64
		Release|iPhone = Release|iPhone
		Release|iPhoneSimulator = Release|iPhoneSimulator
		Release|x64 = Release|x64
		Release|x86 = Release|x86
	EndGlobalSection
	GlobalSection(ProjectConfigurationPlatforms) = postSolution
		{BE0A10F2-ABAB-45F6-8CF6-D554DF6F1599}.Ad-Hoc|Any CPU.ActiveCfg = Ad-Hoc|iPhone
		{BE0A10F2-ABAB-45F6-8CF6-D554DF6F1599}.Ad-Hoc|ARM.ActiveCfg = Ad-Hoc|iPhone
		{BE0A10F2-ABAB-45F6-8CF6-D554DF6F1599}.Ad-Hoc|ARM64.ActiveCfg = Ad-Hoc|iPhone
		{BE0A10F2-ABAB-45F6-8CF6-D554DF6F1599}.Ad-Hoc|iPhone.ActiveCfg = Ad-Hoc|iPhone
		{BE0A10F2-ABAB-45F6-8CF6-D554DF6F1599}.Ad-Hoc|iPhone.Build.0 = Ad-Hoc|iPhone
		{BE0A10F2-ABAB-45F6-8CF6-D554DF6F1599}.Ad-Hoc|iPhoneSimulator.ActiveCfg = Ad-Hoc|iPhoneSimulator
		{BE0A10F2-ABAB-45F6-8CF6-D554DF6F1599}.Ad-Hoc|iPhoneSimulator.Build.0 = Ad-Hoc|iPhoneSimulator
		{BE0A10F2-ABAB-45F6-8CF6-D554DF6F1599}.Ad-Hoc|x64.ActiveCfg = Ad-Hoc|iPhone
		{BE0A10F2-ABAB-45F6-8CF6-D554DF6F1599}.Ad-Hoc|x86.ActiveCfg = Ad-Hoc|iPhone
		{BE0A10F2-ABAB-45F6-8CF6-D554DF6F1599}.AppStore|Any CPU.ActiveCfg = AppStore|iPhone
		{BE0A10F2-ABAB-45F6-8CF6-D554DF6F1599}.AppStore|ARM.ActiveCfg = AppStore|iPhone
		{BE0A10F2-ABAB-45F6-8CF6-D554DF6F1599}.AppStore|ARM64.ActiveCfg = AppStore|iPhone
		{BE0A10F2-ABAB-45F6-8CF6-D554DF6F1599}.AppStore|iPhone.ActiveCfg = AppStore|iPhone
		{BE0A10F2-ABAB-45F6-8CF6-D554DF6F1599}.AppStore|iPhone.Build.0 = AppStore|iPhone
		{BE0A10F2-ABAB-45F6-8CF6-D554DF6F1599}.AppStore|iPhoneSimulator.ActiveCfg = AppStore|iPhoneSimulator
		{BE0A10F2-ABAB-45F6-8CF6-D554DF6F1599}.AppStore|iPhoneSimulator.Build.0 = AppStore|iPhoneSimulator
		{BE0A10F2-ABAB-45F6-8CF6-D554DF6F1599}.AppStore|x64.ActiveCfg = AppStore|iPhone
		{BE0A10F2-ABAB-45F6-8CF6-D554DF6F1599}.AppStore|x86.ActiveCfg = AppStore|iPhone
		{BE0A10F2-ABAB-45F6-8CF6-D554DF6F1599}.Debug|Any CPU.ActiveCfg = Debug|iPhone
		{BE0A10F2-ABAB-45F6-8CF6-D554DF6F1599}.Debug|ARM.ActiveCfg = Debug|iPhone
		{BE0A10F2-ABAB-45F6-8CF6-D554DF6F1599}.Debug|ARM64.ActiveCfg = Debug|iPhone
		{BE0A10F2-ABAB-45F6-8CF6-D554DF6F1599}.Debug|iPhone.ActiveCfg = Debug|iPhone
		{BE0A10F2-ABAB-45F6-8CF6-D554DF6F1599}.Debug|iPhone.Build.0 = Debug|iPhone
		{BE0A10F2-ABAB-45F6-8CF6-D554DF6F1599}.Debug|iPhoneSimulator.ActiveCfg = Debug|iPhoneSimulator
		{BE0A10F2-ABAB-45F6-8CF6-D554DF6F1599}.Debug|iPhoneSimulator.Build.0 = Debug|iPhoneSimulator
		{BE0A10F2-ABAB-45F6-8CF6-D554DF6F1599}.Debug|x64.ActiveCfg = Debug|iPhone
		{BE0A10F2-ABAB-45F6-8CF6-D554DF6F1599}.Debug|x86.ActiveCfg = Debug|iPhone
		{BE0A10F2-ABAB-45F6-8CF6-D554DF6F1599}.Release|Any CPU.ActiveCfg = Release|iPhone
		{BE0A10F2-ABAB-45F6-8CF6-D554DF6F1599}.Release|ARM.ActiveCfg = Release|iPhone
		{BE0A10F2-ABAB-45F6-8CF6-D554DF6F1599}.Release|ARM64.ActiveCfg = Release|iPhone
		{BE0A10F2-ABAB-45F6-8CF6-D554DF6F1599}.Release|iPhone.ActiveCfg = Release|iPhone
		{BE0A10F2-ABAB-45F6-8CF6-D554DF6F1599}.Release|iPhone.Build.0 = Release|iPhone
		{BE0A10F2-ABAB-45F6-8CF6-D554DF6F1599}.Release|iPhoneSimulator.ActiveCfg = Release|iPhoneSimulator
		{BE0A10F2-ABAB-45F6-8CF6-D554DF6F1599}.Release|iPhoneSimulator.Build.0 = Release|iPhoneSimulator
		{BE0A10F2-ABAB-45F6-8CF6-D554DF6F1599}.Release|x64.ActiveCfg = Release|iPhone
		{BE0A10F2-ABAB-45F6-8CF6-D554DF6F1599}.Release|x86.ActiveCfg = Release|iPhone
	EndGlobalSection
	GlobalSection(SolutionProperties) = preSolution
		HideSolutionNode = FALSE
	EndGlobalSection
	GlobalSection(ExtensibilityGlobals) = postSolution
		SolutionGuid = {0F7590D1-CA9D-4020-A2A3-C5F85CB01AEC}
	EndGlobalSection
EndGlobal
